// !$*UTF8*$!
{
	archiveVersion = 1;
	classes = {
	};
	objectVersion = 46;
	objects = {

/* Begin PBXBuildFile section */
		2B59517B1AB942F6007B9E9A /* AppDelegate.swift in Sources */ = {isa = PBXBuildFile; fileRef = 2B59517A1AB942F6007B9E9A /* AppDelegate.swift */; };
		2B59517D1AB942F6007B9E9A /* ViewController.swift in Sources */ = {isa = PBXBuildFile; fileRef = 2B59517C1AB942F6007B9E9A /* ViewController.swift */; };
		2B5951801AB942F6007B9E9A /* Main.storyboard in Resources */ = {isa = PBXBuildFile; fileRef = 2B59517E1AB942F6007B9E9A /* Main.storyboard */; };
		2B5951821AB942F6007B9E9A /* Images.xcassets in Resources */ = {isa = PBXBuildFile; fileRef = 2B5951811AB942F6007B9E9A /* Images.xcassets */; };
		2B5951851AB942F6007B9E9A /* LaunchScreen.xib in Resources */ = {isa = PBXBuildFile; fileRef = 2B5951831AB942F6007B9E9A /* LaunchScreen.xib */; };
		2B5951911AB942F6007B9E9A /* AlertViewWithCallbackTests.swift in Sources */ = {isa = PBXBuildFile; fileRef = 2B5951901AB942F6007B9E9A /* AlertViewWithCallbackTests.swift */; };
		2B59519B1AB94333007B9E9A /* Default-568h@2x.png in Resources */ = {isa = PBXBuildFile; fileRef = 2B59519A1AB94333007B9E9A /* Default-568h@2x.png */; };
		2B59519E1AB94605007B9E9A /* AlertViewWithCallbackDelegate.swift in Sources */ = {isa = PBXBuildFile; fileRef = 2B59519D1AB94605007B9E9A /* AlertViewWithCallbackDelegate.swift */; };
		2BC047161ABA8479005C801F /* AlertViewWithCallback.swift in Sources */ = {isa = PBXBuildFile; fileRef = 2BC047141ABA8479005C801F /* AlertViewWithCallback.swift */; };
		2BC047171ABA8479005C801F /* AlertViewWithCallbackMock.swift in Sources */ = {isa = PBXBuildFile; fileRef = 2BC047151ABA8479005C801F /* AlertViewWithCallbackMock.swift */; };
/* End PBXBuildFile section */

/* Begin PBXContainerItemProxy section */
		2B59518B1AB942F6007B9E9A /* PBXContainerItemProxy */ = {
			isa = PBXContainerItemProxy;
			containerPortal = 2B59516D1AB942F6007B9E9A /* Project object */;
			proxyType = 1;
			remoteGlobalIDString = 2B5951741AB942F6007B9E9A;
			remoteInfo = AlertViewWithCallback;
		};
/* End PBXContainerItemProxy section */

/* Begin PBXFileReference section */
		2B5951751AB942F6007B9E9A /* AlertViewWithCallback.app */ = {isa = PBXFileReference; explicitFileType = wrapper.application; includeInIndex = 0; path = AlertViewWithCallback.app; sourceTree = BUILT_PRODUCTS_DIR; };
		2B5951791AB942F6007B9E9A /* Info.plist */ = {isa = PBXFileReference; lastKnownFileType = text.plist.xml; path = Info.plist; sourceTree = "<group>"; };
		2B59517A1AB942F6007B9E9A /* AppDelegate.swift */ = {isa = PBXFileReference; lastKnownFileType = sourcecode.swift; path = AppDelegate.swift; sourceTree = "<group>"; };
		2B59517C1AB942F6007B9E9A /* ViewController.swift */ = {isa = PBXFileReference; lastKnownFileType = sourcecode.swift; path = ViewController.swift; sourceTree = "<group>"; };
		2B59517F1AB942F6007B9E9A /* Base */ = {isa = PBXFileReference; lastKnownFileType = file.storyboard; name = Base; path = Base.lproj/Main.storyboard; sourceTree = "<group>"; };
		2B5951811AB942F6007B9E9A /* Images.xcassets */ = {isa = PBXFileReference; lastKnownFileType = folder.assetcatalog; path = Images.xcassets; sourceTree = "<group>"; };
		2B5951841AB942F6007B9E9A /* Base */ = {isa = PBXFileReference; lastKnownFileType = file.xib; name = Base; path = Base.lproj/LaunchScreen.xib; sourceTree = "<group>"; };
		2B59518A1AB942F6007B9E9A /* AlertViewWithCallbackTests.xctest */ = {isa = PBXFileReference; explicitFileType = wrapper.cfbundle; includeInIndex = 0; path = AlertViewWithCallbackTests.xctest; sourceTree = BUILT_PRODUCTS_DIR; };
		2B59518F1AB942F6007B9E9A /* Info.plist */ = {isa = PBXFileReference; lastKnownFileType = text.plist.xml; path = Info.plist; sourceTree = "<group>"; };
		2B5951901AB942F6007B9E9A /* AlertViewWithCallbackTests.swift */ = {isa = PBXFileReference; lastKnownFileType = sourcecode.swift; path = AlertViewWithCallbackTests.swift; sourceTree = "<group>"; };
		2B59519A1AB94333007B9E9A /* Default-568h@2x.png */ = {isa = PBXFileReference; lastKnownFileType = image.png; path = "Default-568h@2x.png"; sourceTree = "<group>"; };
		2B59519D1AB94605007B9E9A /* AlertViewWithCallbackDelegate.swift */ = {isa = PBXFileReference; fileEncoding = 4; lastKnownFileType = sourcecode.swift; path = AlertViewWithCallbackDelegate.swift; sourceTree = "<group>"; };
		2BC047141ABA8479005C801F /* AlertViewWithCallback.swift */ = {isa = PBXFileReference; fileEncoding = 4; lastKnownFileType = sourcecode.swift; path = AlertViewWithCallback.swift; sourceTree = "<group>"; };
		2BC047151ABA8479005C801F /* AlertViewWithCallbackMock.swift */ = {isa = PBXFileReference; fileEncoding = 4; lastKnownFileType = sourcecode.swift; path = AlertViewWithCallbackMock.swift; sourceTree = "<group>"; };
/* End PBXFileReference section */

/* Begin PBXFrameworksBuildPhase section */
		2B5951721AB942F6007B9E9A /* Frameworks */ = {
			isa = PBXFrameworksBuildPhase;
			buildActionMask = 2147483647;
			files = (
			);
			runOnlyForDeploymentPostprocessing = 0;
		};
		2B5951871AB942F6007B9E9A /* Frameworks */ = {
			isa = PBXFrameworksBuildPhase;
			buildActionMask = 2147483647;
			files = (
			);
			runOnlyForDeploymentPostprocessing = 0;
		};
/* End PBXFrameworksBuildPhase section */

/* Begin PBXGroup section */
		2B59516C1AB942F6007B9E9A = {
			isa = PBXGroup;
			children = (
				2B5951771AB942F6007B9E9A /* AlertViewWithCallback */,
				2B59518D1AB942F6007B9E9A /* AlertViewWithCallbackTests */,
				2B5951761AB942F6007B9E9A /* Products */,
			);
			sourceTree = "<group>";
		};
		2B5951761AB942F6007B9E9A /* Products */ = {
			isa = PBXGroup;
			children = (
				2B5951751AB942F6007B9E9A /* AlertViewWithCallback.app */,
				2B59518A1AB942F6007B9E9A /* AlertViewWithCallbackTests.xctest */,
			);
			name = Products;
			sourceTree = "<group>";
		};
		2B5951771AB942F6007B9E9A /* AlertViewWithCallback */ = {
			isa = PBXGroup;
			children = (
				2B59519C1AB945E2007B9E9A /* Lib */,
				2B59519A1AB94333007B9E9A /* Default-568h@2x.png */,
				2B59517A1AB942F6007B9E9A /* AppDelegate.swift */,
				2B59517C1AB942F6007B9E9A /* ViewController.swift */,
				2B59517E1AB942F6007B9E9A /* Main.storyboard */,
				2B5951811AB942F6007B9E9A /* Images.xcassets */,
				2B5951831AB942F6007B9E9A /* LaunchScreen.xib */,
				2B5951781AB942F6007B9E9A /* Supporting Files */,
			);
			path = AlertViewWithCallback;
			sourceTree = "<group>";
		};
		2B5951781AB942F6007B9E9A /* Supporting Files */ = {
			isa = PBXGroup;
			children = (
				2B5951791AB942F6007B9E9A /* Info.plist */,
			);
			name = "Supporting Files";
			sourceTree = "<group>";
		};
		2B59518D1AB942F6007B9E9A /* AlertViewWithCallbackTests */ = {
			isa = PBXGroup;
			children = (
				2B5951901AB942F6007B9E9A /* AlertViewWithCallbackTests.swift */,
				2B59518E1AB942F6007B9E9A /* Supporting Files */,
			);
			path = AlertViewWithCallbackTests;
			sourceTree = "<group>";
		};
		2B59518E1AB942F6007B9E9A /* Supporting Files */ = {
			isa = PBXGroup;
			children = (
				2B59518F1AB942F6007B9E9A /* Info.plist */,
			);
			name = "Supporting Files";
			sourceTree = "<group>";
		};
		2B59519C1AB945E2007B9E9A /* Lib */ = {
			isa = PBXGroup;
			children = (
				2B59519D1AB94605007B9E9A /* AlertViewWithCallbackDelegate.swift */,
				2BC047141ABA8479005C801F /* AlertViewWithCallback.swift */,
				2BC047151ABA8479005C801F /* AlertViewWithCallbackMock.swift */,
			);
			name = Lib;
			sourceTree = "<group>";
		};
/* End PBXGroup section */

/* Begin PBXNativeTarget section */
		2B5951741AB942F6007B9E9A /* AlertViewWithCallback */ = {
			isa = PBXNativeTarget;
			buildConfigurationList = 2B5951941AB942F6007B9E9A /* Build configuration list for PBXNativeTarget "AlertViewWithCallback" */;
			buildPhases = (
				2B5951711AB942F6007B9E9A /* Sources */,
				2B5951721AB942F6007B9E9A /* Frameworks */,
				2B5951731AB942F6007B9E9A /* Resources */,
			);
			buildRules = (
			);
			dependencies = (
			);
			name = AlertViewWithCallback;
			productName = AlertViewWithCallback;
			productReference = 2B5951751AB942F6007B9E9A /* AlertViewWithCallback.app */;
			productType = "com.apple.product-type.application";
		};
		2B5951891AB942F6007B9E9A /* AlertViewWithCallbackTests */ = {
			isa = PBXNativeTarget;
			buildConfigurationList = 2B5951971AB942F6007B9E9A /* Build configuration list for PBXNativeTarget "AlertViewWithCallbackTests" */;
			buildPhases = (
				2B5951861AB942F6007B9E9A /* Sources */,
				2B5951871AB942F6007B9E9A /* Frameworks */,
				2B5951881AB942F6007B9E9A /* Resources */,
			);
			buildRules = (
			);
			dependencies = (
				2B59518C1AB942F6007B9E9A /* PBXTargetDependency */,
			);
			name = AlertViewWithCallbackTests;
			productName = AlertViewWithCallbackTests;
			productReference = 2B59518A1AB942F6007B9E9A /* AlertViewWithCallbackTests.xctest */;
			productType = "com.apple.product-type.bundle.unit-test";
		};
/* End PBXNativeTarget section */

/* Begin PBXProject section */
		2B59516D1AB942F6007B9E9A /* Project object */ = {
			isa = PBXProject;
			attributes = {
				LastUpgradeCheck = 0630;
				ORGANIZATIONNAME = "The Exchange Group Pty Ltd";
				TargetAttributes = {
					2B5951741AB942F6007B9E9A = {
						CreatedOnToolsVersion = 6.3;
					};
					2B5951891AB942F6007B9E9A = {
						CreatedOnToolsVersion = 6.3;
						TestTargetID = 2B5951741AB942F6007B9E9A;
					};
				};
			};
			buildConfigurationList = 2B5951701AB942F6007B9E9A /* Build configuration list for PBXProject "AlertViewWithCallback" */;
			compatibilityVersion = "Xcode 3.2";
			developmentRegion = English;
			hasScannedForEncodings = 0;
			knownRegions = (
				en,
				Base,
			);
			mainGroup = 2B59516C1AB942F6007B9E9A;
			productRefGroup = 2B5951761AB942F6007B9E9A /* Products */;
			projectDirPath = "";
			projectRoot = "";
			targets = (
				2B5951741AB942F6007B9E9A /* AlertViewWithCallback */,
				2B5951891AB942F6007B9E9A /* AlertViewWithCallbackTests */,
			);
		};
/* End PBXProject section */

/* Begin PBXResourcesBuildPhase section */
		2B5951731AB942F6007B9E9A /* Resources */ = {
			isa = PBXResourcesBuildPhase;
			buildActionMask = 2147483647;
			files = (
				2B5951801AB942F6007B9E9A /* Main.storyboard in Resources */,
				2B59519B1AB94333007B9E9A /* Default-568h@2x.png in Resources */,
				2B5951851AB942F6007B9E9A /* LaunchScreen.xib in Resources */,
				2B5951821AB942F6007B9E9A /* Images.xcassets in Resources */,
			);
			runOnlyForDeploymentPostprocessing = 0;
		};
		2B5951881AB942F6007B9E9A /* Resources */ = {
			isa = PBXResourcesBuildPhase;
			buildActionMask = 2147483647;
			files = (
			);
			runOnlyForDeploymentPostprocessing = 0;
		};
/* End PBXResourcesBuildPhase section */

/* Begin PBXSourcesBuildPhase section */
		2B5951711AB942F6007B9E9A /* Sources */ = {
			isa = PBXSourcesBuildPhase;
			buildActionMask = 2147483647;
			files = (
				2B59519E1AB94605007B9E9A /* AlertViewWithCallbackDelegate.swift in Sources */,
				2B59517D1AB942F6007B9E9A /* ViewController.swift in Sources */,
				2BC047161ABA8479005C801F /* AlertViewWithCallback.swift in Sources */,
				2BC047171ABA8479005C801F /* AlertViewWithCallbackMock.swift in Sources */,
				2B59517B1AB942F6007B9E9A /* AppDelegate.swift in Sources */,
			);
			runOnlyForDeploymentPostprocessing = 0;
		};
		2B5951861AB942F6007B9E9A /* Sources */ = {
			isa = PBXSourcesBuildPhase;
			buildActionMask = 2147483647;
			files = (
				2B5951911AB942F6007B9E9A /* AlertViewWithCallbackTests.swift in Sources */,
			);
			runOnlyForDeploymentPostprocessing = 0;
		};
/* End PBXSourcesBuildPhase section */

/* Begin PBXTargetDependency section */
		2B59518C1AB942F6007B9E9A /* PBXTargetDependency */ = {
			isa = PBXTargetDependency;
			target = 2B5951741AB942F6007B9E9A /* AlertViewWithCallback */;
			targetProxy = 2B59518B1AB942F6007B9E9A /* PBXContainerItemProxy */;
		};
/* End PBXTargetDependency section */

/* Begin PBXVariantGroup section */
		2B59517E1AB942F6007B9E9A /* Main.storyboard */ = {
			isa = PBXVariantGroup;
			children = (
				2B59517F1AB942F6007B9E9A /* Base */,
			);
			name = Main.storyboard;
			sourceTree = "<group>";
		};
		2B5951831AB942F6007B9E9A /* LaunchScreen.xib */ = {
			isa = PBXVariantGroup;
			children = (
				2B5951841AB942F6007B9E9A /* Base */,
			);
			name = LaunchScreen.xib;
			sourceTree = "<group>";
		};
/* End PBXVariantGroup section */

/* Begin XCBuildConfiguration section */
		2B5951921AB942F6007B9E9A /* Debug */ = {
			isa = XCBuildConfiguration;
			buildSettings = {
				ALWAYS_SEARCH_USER_PATHS = NO;
				CLANG_CXX_LANGUAGE_STANDARD = "gnu++0x";
				CLANG_CXX_LIBRARY = "libc++";
				CLANG_ENABLE_MODULES = YES;
				CLANG_ENABLE_OBJC_ARC = YES;
				CLANG_WARN_BOOL_CONVERSION = YES;
				CLANG_WARN_CONSTANT_CONVERSION = YES;
				CLANG_WARN_DIRECT_OBJC_ISA_USAGE = YES_ERROR;
				CLANG_WARN_EMPTY_BODY = YES;
				CLANG_WARN_ENUM_CONVERSION = YES;
				CLANG_WARN_INT_CONVERSION = YES;
				CLANG_WARN_OBJC_ROOT_CLASS = YES_ERROR;
				CLANG_WARN_UNREACHABLE_CODE = YES;
				CLANG_WARN__DUPLICATE_METHOD_MATCH = YES;
				"CODE_SIGN_IDENTITY[sdk=iphoneos*]" = "iPhone Developer";
				COPY_PHASE_STRIP = NO;
				DEBUG_INFORMATION_FORMAT = dwarf;
				ENABLE_STRICT_OBJC_MSGSEND = YES;
				GCC_C_LANGUAGE_STANDARD = gnu99;
				GCC_DYNAMIC_NO_PIC = NO;
				GCC_NO_COMMON_BLOCKS = YES;
				GCC_OPTIMIZATION_LEVEL = 0;
				GCC_PREPROCESSOR_DEFINITIONS = (
					"DEBUG=1",
					"$(inherited)",
				);
				GCC_SYMBOLS_PRIVATE_EXTERN = NO;
				GCC_WARN_64_TO_32_BIT_CONVERSION = YES;
				GCC_WARN_ABOUT_RETURN_TYPE = YES_ERROR;
				GCC_WARN_UNDECLARED_SELECTOR = YES;
				GCC_WARN_UNINITIALIZED_AUTOS = YES_AGGRESSIVE;
				GCC_WARN_UNUSED_FUNCTION = YES;
				GCC_WARN_UNUSED_VARIABLE = YES;
				IPHONEOS_DEPLOYMENT_TARGET = 8.3;
				MTL_ENABLE_DEBUG_INFO = YES;
				ONLY_ACTIVE_ARCH = YES;
				SDKROOT = iphoneos;
				SWIFT_OPTIMIZATION_LEVEL = "-Onone";
				TARGETED_DEVICE_FAMILY = "1,2";
			};
			name = Debug;
		};
		2B5951931AB942F6007B9E9A /* Release */ = {
			isa = XCBuildConfiguration;
			buildSettings = {
				ALWAYS_SEARCH_USER_PATHS = NO;
				CLANG_CXX_LANGUAGE_STANDARD = "gnu++0x";
				CLANG_CXX_LIBRARY = "libc++";
				CLANG_ENABLE_MODULES = YES;
				CLANG_ENABLE_OBJC_ARC = YES;
				CLANG_WARN_BOOL_CONVERSION = YES;
				CLANG_WARN_CONSTANT_CONVERSION = YES;
				CLANG_WARN_DIRECT_OBJC_ISA_USAGE = YES_ERROR;
				CLANG_WARN_EMPTY_BODY = YES;
				CLANG_WARN_ENUM_CONVERSION = YES;
				CLANG_WARN_INT_CONVERSION = YES;
				CLANG_WARN_OBJC_ROOT_CLASS = YES_ERROR;
				CLANG_WARN_UNREACHABLE_CODE = YES;
				CLANG_WARN__DUPLICATE_METHOD_MATCH = YES;
				"CODE_SIGN_IDENTITY[sdk=iphoneos*]" = "iPhone Developer";
				COPY_PHASE_STRIP = NO;
				DEBUG_INFORMATION_FORMAT = "dwarf-with-dsym";
				ENABLE_NS_ASSERTIONS = NO;
				ENABLE_STRICT_OBJC_MSGSEND = YES;
				GCC_C_LANGUAGE_STANDARD = gnu99;
				GCC_NO_COMMON_BLOCKS = YES;
				GCC_WARN_64_TO_32_BIT_CONVERSION = YES;
				GCC_WARN_ABOUT_RETURN_TYPE = YES_ERROR;
				GCC_WARN_UNDECLARED_SELECTOR = YES;
				GCC_WARN_UNINITIALIZED_AUTOS = YES_AGGRESSIVE;
				GCC_WARN_UNUSED_FUNCTION = YES;
				GCC_WARN_UNUSED_VARIABLE = YES;
				IPHONEOS_DEPLOYMENT_TARGET = 8.3;
				MTL_ENABLE_DEBUG_INFO = NO;
				SDKROOT = iphoneos;
				TARGETED_DEVICE_FAMILY = "1,2";
				VALIDATE_PRODUCT = YES;
			};
			name = Release;
		};
		2B5951951AB942F6007B9E9A /* Debug */ = {
			isa = XCBuildConfiguration;
			buildSettings = {
				ASSETCATALOG_COMPILER_APPICON_NAME = AppIcon;
				INFOPLIST_FILE = AlertViewWithCallback/Info.plist;
				IPHONEOS_DEPLOYMENT_TARGET = 7.0;
				LD_RUNPATH_SEARCH_PATHS = "$(inherited) @executable_path/Frameworks";
				PRODUCT_NAME = "$(TARGET_NAME)";
			};
			name = Debug;
		};
		2B5951961AB942F6007B9E9A /* Release */ = {
			isa = XCBuildConfiguration;
			buildSettings = {
				ASSETCATALOG_COMPILER_APPICON_NAME = AppIcon;
				INFOPLIST_FILE = AlertViewWithCallback/Info.plist;
				IPHONEOS_DEPLOYMENT_TARGET = 7.0;
				LD_RUNPATH_SEARCH_PATHS = "$(inherited) @executable_path/Frameworks";
				PRODUCT_NAME = "$(TARGET_NAME)";
			};
			name = Release;
		};
		2B5951981AB942F6007B9E9A /* Debug */ = {
			isa = XCBuildConfiguration;
			buildSettings = {
				BUNDLE_LOADER = "$(TEST_HOST)";
				FRAMEWORK_SEARCH_PATHS = (
					"$(SDKROOT)/Developer/Library/Frameworks",
					"$(inherited)",
				);
				GCC_PREPROCESSOR_DEFINITIONS = (
					"DEBUG=1",
					"$(inherited)",
				);
				INFOPLIST_FILE = AlertViewWithCallbackTests/Info.plist;
				LD_RUNPATH_SEARCH_PATHS = "$(inherited) @executable_path/Frameworks @loader_path/Frameworks";
				PRODUCT_NAME = "$(TARGET_NAME)";
				TEST_HOST = "$(BUILT_PRODUCTS_DIR)/AlertViewWithCallback.app/AlertViewWithCallback";
			};
			name = Debug;
		};
		2B5951991AB942F6007B9E9A /* Release */ = {
			isa = XCBuildConfiguration;
			buildSettings = {
				BUNDLE_LOADER = "$(TEST_HOST)";
				FRAMEWORK_SEARCH_PATHS = (
					"$(SDKROOT)/Developer/Library/Frameworks",
					"$(inherited)",
				);
				INFOPLIST_FILE = AlertViewWithCallbackTests/Info.plist;
				LD_RUNPATH_SEARCH_PATHS = "$(inherited) @executable_path/Frameworks @loader_path/Frameworks";
				PRODUCT_NAME = "$(TARGET_NAME)";
				TEST_HOST = "$(BUILT_PRODUCTS_DIR)/AlertViewWithCallback.app/AlertViewWithCallback";
			};
			name = Release;
		};
/* End XCBuildConfiguration section */

/* Begin XCConfigurationList section */
		2B5951701AB942F6007B9E9A /* Build configuration list for PBXProject "AlertViewWithCallback" */ = {
			isa = XCConfigurationList;
			buildConfigurations = (
				2B5951921AB942F6007B9E9A /* Debug */,
				2B5951931AB942F6007B9E9A /* Release */,
			);
			defaultConfigurationIsVisible = 0;
			defaultConfigurationName = Release;
		};
		2B5951941AB942F6007B9E9A /* Build configuration list for PBXNativeTarget "AlertViewWithCallback" */ = {
			isa = XCConfigurationList;
			buildConfigurations = (
				2B5951951AB942F6007B9E9A /* Debug */,
				2B5951961AB942F6007B9E9A /* Release */,
			);
			defaultConfigurationIsVisible = 0;
			defaultConfigurationName = Release;
		};
		2B5951971AB942F6007B9E9A /* Build configuration list for PBXNativeTarget "AlertViewWithCallbackTests" */ = {
			isa = XCConfigurationList;
			buildConfigurations = (
				2B5951981AB942F6007B9E9A /* Debug */,
				2B5951991AB942F6007B9E9A /* Release */,
			);
			defaultConfigurationIsVisible = 0;
			defaultConfigurationName = Release;
		};
/* End XCConfigurationList section */
	};
	rootObject = 2B59516D1AB942F6007B9E9A /* Project object */;
}
